
Microsoft Visual Studio Solution File, Format Version 12.00
# Visual Studio Version 17
VisualStudioVersion = 17.7.34009.444
MinimumVisualStudioVersion = 10.0.40219.1
Project("{FAE04EC0-301F-11D3-BF4B-00C04F79EFBC}") = "SuperHeroAPI", "SuperHeroAPI\SuperHeroAPI.csproj", "{697D66B7-EE25-43EE-ADFC-C3B23B8A6A85}"
EndProject
Global
	GlobalSection(SolutionConfigurationPlatforms) = preSolution
		Debug|Any CPU = Debug|Any CPU
		Release|Any CPU = Release|Any CPU
	EndGlobalSection
	GlobalSection(ProjectConfigurationPlatforms) = postSolution
		{697D66B7-EE25-43EE-ADFC-C3B23B8A6A85}.Debug|Any CPU.ActiveCfg = Debug|Any CPU
		{697D66B7-EE25-43EE-ADFC-C3B23B8A6A85}.Debug|Any CPU.Build.0 = Debug|Any CPU
		{697D66B7-EE25-43EE-ADFC-C3B23B8A6A85}.Release|Any CPU.ActiveCfg = Release|Any CPU
		{697D66B7-EE25-43EE-ADFC-C3B23B8A6A85}.Release|Any CPU.Build.0 = Release|Any CPU
	EndGlobalSection
	GlobalSection(SolutionProperties) = preSolution
		HideSolutionNode = FALSE
	EndGlobalSection
	GlobalSection(ExtensibilityGlobals) = postSolution
		SolutionGuid = {9CFF19CA-A0BE-4960-8F9F-D56EEAA97E9D}
	EndGlobalSection
EndGlobal
